
Microsoft Visual Studio Solution File, Format Version 12.00
# Visual Studio Version 16
VisualStudioVersion = 16.0.30011.22
MinimumVisualStudioVersion = 10.0.40219.1
Project("{FAE04EC0-301F-11D3-BF4B-00C04F79EFBC}") = "WebApi_Manos_Kefalas", "WebApi_Manos_Kefalas\WebApi_Manos_Kefalas.csproj", "{9D2FE466-4E64-47B8-834C-C906F47C9355}"
EndProject
Global
	GlobalSection(SolutionConfigurationPlatforms) = preSolution
		Debug|Any CPU = Debug|Any CPU
		Release|Any CPU = Release|Any CPU
	EndGlobalSection
	GlobalSection(ProjectConfigurationPlatforms) = postSolution
		{9D2FE466-4E64-47B8-834C-C906F47C9355}.Debug|Any CPU.ActiveCfg = Debug|Any CPU
		{9D2FE466-4E64-47B8-834C-C906F47C9355}.Debug|Any CPU.Build.0 = Debug|Any CPU
		{9D2FE466-4E64-47B8-834C-C906F47C9355}.Release|Any CPU.ActiveCfg = Release|Any CPU
		{9D2FE466-4E64-47B8-834C-C906F47C9355}.Release|Any CPU.Build.0 = Release|Any CPU
	EndGlobalSection
	GlobalSection(SolutionProperties) = preSolution
		HideSolutionNode = FALSE
	EndGlobalSection
	GlobalSection(ExtensibilityGlobals) = postSolution
		SolutionGuid = {FBFB8281-E8AC-4C11-92F4-3A55B4ECE959}
	EndGlobalSection
EndGlobal
